// !$*UTF8*$!
{
	archiveVersion = 1;
	classes = {
	};
	objectVersion = 50;
	objects = {

/* Begin PBXBuildFile section */
		2A0DBC6121AD66CC0081A050 /* AppDelegate.swift in Sources */ = {isa = PBXBuildFile; fileRef = 2A0DBC6021AD66CC0081A050 /* AppDelegate.swift */; };
		2A0DBC6621AD66CC0081A050 /* Main.storyboard in Resources */ = {isa = PBXBuildFile; fileRef = 2A0DBC6421AD66CC0081A050 /* Main.storyboard */; };
		2A0DBC6821AD66CD0081A050 /* Assets.xcassets in Resources */ = {isa = PBXBuildFile; fileRef = 2A0DBC6721AD66CD0081A050 /* Assets.xcassets */; };
		2A0DBC6B21AD66CD0081A050 /* LaunchScreen.storyboard in Resources */ = {isa = PBXBuildFile; fileRef = 2A0DBC6921AD66CD0081A050 /* LaunchScreen.storyboard */; };
		2A0DBC7621AD66CD0081A050 /* EvernoteTaskTests.swift in Sources */ = {isa = PBXBuildFile; fileRef = 2A0DBC7521AD66CD0081A050 /* EvernoteTaskTests.swift */; };
		2A0DBC8121AD66CD0081A050 /* EvernoteTaskUITests.swift in Sources */ = {isa = PBXBuildFile; fileRef = 2A0DBC8021AD66CD0081A050 /* EvernoteTaskUITests.swift */; };
		2A0DBC9321AD67640081A050 /* SignInViewController.swift in Sources */ = {isa = PBXBuildFile; fileRef = 2A0DBC9221AD67640081A050 /* SignInViewController.swift */; };
		2A79157D21AD69FC008C479E /* Config.swift in Sources */ = {isa = PBXBuildFile; fileRef = 2A79157C21AD69FC008C479E /* Config.swift */; };
		2A79157F21AD6A0D008C479E /* NetworkCalls.swift in Sources */ = {isa = PBXBuildFile; fileRef = 2A79157E21AD6A0D008C479E /* NetworkCalls.swift */; };
		2A79158121AD6A19008C479E /* Utils.swift in Sources */ = {isa = PBXBuildFile; fileRef = 2A79158021AD6A19008C479E /* Utils.swift */; };
		2A79158321AD6A28008C479E /* Constants.swift in Sources */ = {isa = PBXBuildFile; fileRef = 2A79158221AD6A28008C479E /* Constants.swift */; };
		2A79158921AD95B8008C479E /* FaceebookSignIn.swift in Sources */ = {isa = PBXBuildFile; fileRef = 2A79158821AD95B8008C479E /* FaceebookSignIn.swift */; };
		2A79158B21AD9CBD008C479E /* HotelDataViewController.swift in Sources */ = {isa = PBXBuildFile; fileRef = 2A79158A21AD9CBD008C479E /* HotelDataViewController.swift */; };
		2A79158E21ADA7E5008C479E /* HotelData.swift in Sources */ = {isa = PBXBuildFile; fileRef = 2A79158D21ADA7E5008C479E /* HotelData.swift */; };
		2A79159221AE7FFA008C479E /* DetailsViewController.swift in Sources */ = {isa = PBXBuildFile; fileRef = 2A79159121AE7FFA008C479E /* DetailsViewController.swift */; };
		2A79159421AE9276008C479E /* MapViewController.swift in Sources */ = {isa = PBXBuildFile; fileRef = 2A79159321AE9276008C479E /* MapViewController.swift */; };
		70A7E2E89DCA2C6DA3BD8B92 /* Pods_EvernoteTask.framework in Frameworks */ = {isa = PBXBuildFile; fileRef = 13040FE1D4D788894E58A719 /* Pods_EvernoteTask.framework */; };
/* End PBXBuildFile section */

/* Begin PBXContainerItemProxy section */
		2A0DBC7221AD66CD0081A050 /* PBXContainerItemProxy */ = {
			isa = PBXContainerItemProxy;
			containerPortal = 2A0DBC5521AD66CC0081A050 /* Project object */;
			proxyType = 1;
			remoteGlobalIDString = 2A0DBC5C21AD66CC0081A050;
			remoteInfo = EvernoteTask;
		};
		2A0DBC7D21AD66CD0081A050 /* PBXContainerItemProxy */ = {
			isa = PBXContainerItemProxy;
			containerPortal = 2A0DBC5521AD66CC0081A050 /* Project object */;
			proxyType = 1;
			remoteGlobalIDString = 2A0DBC5C21AD66CC0081A050;
			remoteInfo = EvernoteTask;
		};
/* End PBXContainerItemProxy section */

/* Begin PBXFileReference section */
		13040FE1D4D788894E58A719 /* Pods_EvernoteTask.framework */ = {isa = PBXFileReference; explicitFileType = wrapper.framework; includeInIndex = 0; path = Pods_EvernoteTask.framework; sourceTree = BUILT_PRODUCTS_DIR; };
		24A62129F3A4094B377B7F8D /* Pods-EvernoteTask.debug.xcconfig */ = {isa = PBXFileReference; includeInIndex = 1; lastKnownFileType = text.xcconfig; name = "Pods-EvernoteTask.debug.xcconfig"; path = "Pods/Target Support Files/Pods-EvernoteTask/Pods-EvernoteTask.debug.xcconfig"; sourceTree = "<group>"; };
		2A0DBC5D21AD66CC0081A050 /* EvernoteTask.app */ = {isa = PBXFileReference; explicitFileType = wrapper.application; includeInIndex = 0; path = EvernoteTask.app; sourceTree = BUILT_PRODUCTS_DIR; };
		2A0DBC6021AD66CC0081A050 /* AppDelegate.swift */ = {isa = PBXFileReference; lastKnownFileType = sourcecode.swift; path = AppDelegate.swift; sourceTree = "<group>"; };
		2A0DBC6521AD66CC0081A050 /* Base */ = {isa = PBXFileReference; lastKnownFileType = file.storyboard; name = Base; path = Base.lproj/Main.storyboard; sourceTree = "<group>"; };
		2A0DBC6721AD66CD0081A050 /* Assets.xcassets */ = {isa = PBXFileReference; lastKnownFileType = folder.assetcatalog; path = Assets.xcassets; sourceTree = "<group>"; };
		2A0DBC6A21AD66CD0081A050 /* Base */ = {isa = PBXFileReference; lastKnownFileType = file.storyboard; name = Base; path = Base.lproj/LaunchScreen.storyboard; sourceTree = "<group>"; };
		2A0DBC6C21AD66CD0081A050 /* Info.plist */ = {isa = PBXFileReference; lastKnownFileType = text.plist.xml; path = Info.plist; sourceTree = "<group>"; };
		2A0DBC7121AD66CD0081A050 /* EvernoteTaskTests.xctest */ = {isa = PBXFileReference; explicitFileType = wrapper.cfbundle; includeInIndex = 0; path = EvernoteTaskTests.xctest; sourceTree = BUILT_PRODUCTS_DIR; };
		2A0DBC7521AD66CD0081A050 /* EvernoteTaskTests.swift */ = {isa = PBXFileReference; lastKnownFileType = sourcecode.swift; path = EvernoteTaskTests.swift; sourceTree = "<group>"; };
		2A0DBC7721AD66CD0081A050 /* Info.plist */ = {isa = PBXFileReference; lastKnownFileType = text.plist.xml; path = Info.plist; sourceTree = "<group>"; };
		2A0DBC7C21AD66CD0081A050 /* EvernoteTaskUITests.xctest */ = {isa = PBXFileReference; explicitFileType = wrapper.cfbundle; includeInIndex = 0; path = EvernoteTaskUITests.xctest; sourceTree = BUILT_PRODUCTS_DIR; };
		2A0DBC8021AD66CD0081A050 /* EvernoteTaskUITests.swift */ = {isa = PBXFileReference; lastKnownFileType = sourcecode.swift; path = EvernoteTaskUITests.swift; sourceTree = "<group>"; };
		2A0DBC8221AD66CD0081A050 /* Info.plist */ = {isa = PBXFileReference; lastKnownFileType = text.plist.xml; path = Info.plist; sourceTree = "<group>"; };
		2A0DBC9221AD67640081A050 /* SignInViewController.swift */ = {isa = PBXFileReference; lastKnownFileType = sourcecode.swift; path = SignInViewController.swift; sourceTree = "<group>"; };
		2A79157C21AD69FC008C479E /* Config.swift */ = {isa = PBXFileReference; lastKnownFileType = sourcecode.swift; path = Config.swift; sourceTree = "<group>"; };
		2A79157E21AD6A0D008C479E /* NetworkCalls.swift */ = {isa = PBXFileReference; lastKnownFileType = sourcecode.swift; path = NetworkCalls.swift; sourceTree = "<group>"; };
		2A79158021AD6A19008C479E /* Utils.swift */ = {isa = PBXFileReference; lastKnownFileType = sourcecode.swift; path = Utils.swift; sourceTree = "<group>"; };
		2A79158221AD6A28008C479E /* Constants.swift */ = {isa = PBXFileReference; lastKnownFileType = sourcecode.swift; path = Constants.swift; sourceTree = "<group>"; };
		2A79158821AD95B8008C479E /* FaceebookSignIn.swift */ = {isa = PBXFileReference; lastKnownFileType = sourcecode.swift; path = FaceebookSignIn.swift; sourceTree = "<group>"; };
		2A79158A21AD9CBD008C479E /* HotelDataViewController.swift */ = {isa = PBXFileReference; lastKnownFileType = sourcecode.swift; path = HotelDataViewController.swift; sourceTree = "<group>"; };
		2A79158D21ADA7E5008C479E /* HotelData.swift */ = {isa = PBXFileReference; lastKnownFileType = sourcecode.swift; path = HotelData.swift; sourceTree = "<group>"; };
		2A79159121AE7FFA008C479E /* DetailsViewController.swift */ = {isa = PBXFileReference; lastKnownFileType = sourcecode.swift; path = DetailsViewController.swift; sourceTree = "<group>"; };
		2A79159321AE9276008C479E /* MapViewController.swift */ = {isa = PBXFileReference; lastKnownFileType = sourcecode.swift; path = MapViewController.swift; sourceTree = "<group>"; };
		B87CEAC719AA0B765F533491 /* Pods-EvernoteTask.release.xcconfig */ = {isa = PBXFileReference; includeInIndex = 1; lastKnownFileType = text.xcconfig; name = "Pods-EvernoteTask.release.xcconfig"; path = "Pods/Target Support Files/Pods-EvernoteTask/Pods-EvernoteTask.release.xcconfig"; sourceTree = "<group>"; };
/* End PBXFileReference section */

/* Begin PBXFrameworksBuildPhase section */
		2A0DBC5A21AD66CC0081A050 /* Frameworks */ = {
			isa = PBXFrameworksBuildPhase;
			buildActionMask = 2147483647;
			files = (
				70A7E2E89DCA2C6DA3BD8B92 /* Pods_EvernoteTask.framework in Frameworks */,
			);
			runOnlyForDeploymentPostprocessing = 0;
		};
		2A0DBC6E21AD66CD0081A050 /* Frameworks */ = {
			isa = PBXFrameworksBuildPhase;
			buildActionMask = 2147483647;
			files = (
			);
			runOnlyForDeploymentPostprocessing = 0;
		};
		2A0DBC7921AD66CD0081A050 /* Frameworks */ = {
			isa = PBXFrameworksBuildPhase;
			buildActionMask = 2147483647;
			files = (
			);
			runOnlyForDeploymentPostprocessing = 0;
		};
/* End PBXFrameworksBuildPhase section */

/* Begin PBXGroup section */
		2A0DBC5421AD66CC0081A050 = {
			isa = PBXGroup;
			children = (
				2A0DBC5F21AD66CC0081A050 /* EvernoteTask */,
				2A0DBC7421AD66CD0081A050 /* EvernoteTaskTests */,
				2A0DBC7F21AD66CD0081A050 /* EvernoteTaskUITests */,
				2A0DBC5E21AD66CC0081A050 /* Products */,
				AB72F677B8D50D3CF526D059 /* Pods */,
				7FA562516582A57014EE3913 /* Frameworks */,
			);
			sourceTree = "<group>";
		};
		2A0DBC5E21AD66CC0081A050 /* Products */ = {
			isa = PBXGroup;
			children = (
				2A0DBC5D21AD66CC0081A050 /* EvernoteTask.app */,
				2A0DBC7121AD66CD0081A050 /* EvernoteTaskTests.xctest */,
				2A0DBC7C21AD66CD0081A050 /* EvernoteTaskUITests.xctest */,
			);
			name = Products;
			sourceTree = "<group>";
		};
		2A0DBC5F21AD66CC0081A050 /* EvernoteTask */ = {
			isa = PBXGroup;
			children = (
				2A0DBC6021AD66CC0081A050 /* AppDelegate.swift */,
				2A0DBC9121AD66F10081A050 /* HelperClasses */,
				2A0DBC9021AD66E90081A050 /* Controller */,
				2A0DBC8F21AD66DF0081A050 /* View */,
				2A0DBC8E21AD66D30081A050 /* Model */,
				2A0DBC6721AD66CD0081A050 /* Assets.xcassets */,
				2A0DBC6C21AD66CD0081A050 /* Info.plist */,
			);
			path = EvernoteTask;
			sourceTree = "<group>";
		};
		2A0DBC7421AD66CD0081A050 /* EvernoteTaskTests */ = {
			isa = PBXGroup;
			children = (
				2A0DBC7521AD66CD0081A050 /* EvernoteTaskTests.swift */,
				2A0DBC7721AD66CD0081A050 /* Info.plist */,
			);
			path = EvernoteTaskTests;
			sourceTree = "<group>";
		};
		2A0DBC7F21AD66CD0081A050 /* EvernoteTaskUITests */ = {
			isa = PBXGroup;
			children = (
				2A0DBC8021AD66CD0081A050 /* EvernoteTaskUITests.swift */,
				2A0DBC8221AD66CD0081A050 /* Info.plist */,
			);
			path = EvernoteTaskUITests;
			sourceTree = "<group>";
		};
		2A0DBC8E21AD66D30081A050 /* Model */ = {
			isa = PBXGroup;
			children = (
				2A79158C21ADA7CF008C479E /* HotelData */,
			);
			path = Model;
			sourceTree = "<group>";
		};
		2A0DBC8F21AD66DF0081A050 /* View */ = {
			isa = PBXGroup;
			children = (
				2A0DBC6921AD66CD0081A050 /* LaunchScreen.storyboard */,
				2A0DBC6421AD66CC0081A050 /* Main.storyboard */,
			);
			path = View;
			sourceTree = "<group>";
		};
		2A0DBC9021AD66E90081A050 /* Controller */ = {
			isa = PBXGroup;
			children = (
				2A79159521AE9EB5008C479E /* SignInScreen */,
				2A79159821AE9F3E008C479E /* Home */,
				2A79159621AE9EC6008C479E /* DetailScreen */,
				2A79159721AE9F04008C479E /* Maps */,
			);
			path = Controller;
			sourceTree = "<group>";
		};
		2A0DBC9121AD66F10081A050 /* HelperClasses */ = {
			isa = PBXGroup;
			children = (
				2A79158721AD95A3008C479E /* FacebookSignin */,
				2A79157B21AD69DA008C479E /* Config */,
				2A79157A21AD69CE008C479E /* Network */,
				2A79157921AD69C7008C479E /* Utils */,
				2A79157821AD69B7008C479E /* Constants */,
			);
			path = HelperClasses;
			sourceTree = "<group>";
		};
		2A79157821AD69B7008C479E /* Constants */ = {
			isa = PBXGroup;
			children = (
				2A79158221AD6A28008C479E /* Constants.swift */,
			);
			path = Constants;
			sourceTree = "<group>";
		};
		2A79157921AD69C7008C479E /* Utils */ = {
			isa = PBXGroup;
			children = (
				2A79158021AD6A19008C479E /* Utils.swift */,
			);
			path = Utils;
			sourceTree = "<group>";
		};
		2A79157A21AD69CE008C479E /* Network */ = {
			isa = PBXGroup;
			children = (
				2A79157E21AD6A0D008C479E /* NetworkCalls.swift */,
			);
			path = Network;
			sourceTree = "<group>";
		};
		2A79157B21AD69DA008C479E /* Config */ = {
			isa = PBXGroup;
			children = (
				2A79157C21AD69FC008C479E /* Config.swift */,
			);
			path = Config;
			sourceTree = "<group>";
		};
		2A79158721AD95A3008C479E /* FacebookSignin */ = {
			isa = PBXGroup;
			children = (
				2A79158821AD95B8008C479E /* FaceebookSignIn.swift */,
			);
			path = FacebookSignin;
			sourceTree = "<group>";
		};
		2A79158C21ADA7CF008C479E /* HotelData */ = {
			isa = PBXGroup;
			children = (
				2A79158D21ADA7E5008C479E /* HotelData.swift */,
			);
			path = HotelData;
			sourceTree = "<group>";
		};
		2A79159521AE9EB5008C479E /* SignInScreen */ = {
			isa = PBXGroup;
			children = (
				2A0DBC9221AD67640081A050 /* SignInViewController.swift */,
			);
			path = SignInScreen;
			sourceTree = "<group>";
		};
		2A79159621AE9EC6008C479E /* DetailScreen */ = {
			isa = PBXGroup;
			children = (
				2A79159121AE7FFA008C479E /* DetailsViewController.swift */,
			);
			path = DetailScreen;
			sourceTree = "<group>";
		};
		2A79159721AE9F04008C479E /* Maps */ = {
			isa = PBXGroup;
			children = (
				2A79159321AE9276008C479E /* MapViewController.swift */,
			);
			path = Maps;
			sourceTree = "<group>";
		};
		2A79159821AE9F3E008C479E /* Home */ = {
			isa = PBXGroup;
			children = (
				2A79158A21AD9CBD008C479E /* HotelDataViewController.swift */,
			);
			path = Home;
			sourceTree = "<group>";
		};
		7FA562516582A57014EE3913 /* Frameworks */ = {
			isa = PBXGroup;
			children = (
				13040FE1D4D788894E58A719 /* Pods_EvernoteTask.framework */,
			);
			name = Frameworks;
			sourceTree = "<group>";
		};
		AB72F677B8D50D3CF526D059 /* Pods */ = {
			isa = PBXGroup;
			children = (
				24A62129F3A4094B377B7F8D /* Pods-EvernoteTask.debug.xcconfig */,
				B87CEAC719AA0B765F533491 /* Pods-EvernoteTask.release.xcconfig */,
			);
			name = Pods;
			sourceTree = "<group>";
		};
/* End PBXGroup section */

/* Begin PBXNativeTarget section */
		2A0DBC5C21AD66CC0081A050 /* EvernoteTask */ = {
			isa = PBXNativeTarget;
			buildConfigurationList = 2A0DBC8521AD66CD0081A050 /* Build configuration list for PBXNativeTarget "EvernoteTask" */;
			buildPhases = (
				9069ABE691726761DF71D35D /* [CP] Check Pods Manifest.lock */,
				2A0DBC5921AD66CC0081A050 /* Sources */,
				2A0DBC5A21AD66CC0081A050 /* Frameworks */,
				2A0DBC5B21AD66CC0081A050 /* Resources */,
				D78FBB359169A8A8B67C0DE3 /* [CP] Embed Pods Frameworks */,
			);
			buildRules = (
			);
			dependencies = (
			);
			name = EvernoteTask;
			productName = EvernoteTask;
			productReference = 2A0DBC5D21AD66CC0081A050 /* EvernoteTask.app */;
			productType = "com.apple.product-type.application";
		};
		2A0DBC7021AD66CD0081A050 /* EvernoteTaskTests */ = {
			isa = PBXNativeTarget;
			buildConfigurationList = 2A0DBC8821AD66CD0081A050 /* Build configuration list for PBXNativeTarget "EvernoteTaskTests" */;
			buildPhases = (
				2A0DBC6D21AD66CD0081A050 /* Sources */,
				2A0DBC6E21AD66CD0081A050 /* Frameworks */,
				2A0DBC6F21AD66CD0081A050 /* Resources */,
			);
			buildRules = (
			);
			dependencies = (
				2A0DBC7321AD66CD0081A050 /* PBXTargetDependency */,
			);
			name = EvernoteTaskTests;
			productName = EvernoteTaskTests;
			productReference = 2A0DBC7121AD66CD0081A050 /* EvernoteTaskTests.xctest */;
			productType = "com.apple.product-type.bundle.unit-test";
		};
		2A0DBC7B21AD66CD0081A050 /* EvernoteTaskUITests */ = {
			isa = PBXNativeTarget;
			buildConfigurationList = 2A0DBC8B21AD66CD0081A050 /* Build configuration list for PBXNativeTarget "EvernoteTaskUITests" */;
			buildPhases = (
				2A0DBC7821AD66CD0081A050 /* Sources */,
				2A0DBC7921AD66CD0081A050 /* Frameworks */,
				2A0DBC7A21AD66CD0081A050 /* Resources */,
			);
			buildRules = (
			);
			dependencies = (
				2A0DBC7E21AD66CD0081A050 /* PBXTargetDependency */,
			);
			name = EvernoteTaskUITests;
			productName = EvernoteTaskUITests;
			productReference = 2A0DBC7C21AD66CD0081A050 /* EvernoteTaskUITests.xctest */;
			productType = "com.apple.product-type.bundle.ui-testing";
		};
/* End PBXNativeTarget section */

/* Begin PBXProject section */
		2A0DBC5521AD66CC0081A050 /* Project object */ = {
			isa = PBXProject;
			attributes = {
				LastSwiftUpdateCheck = 1000;
				LastUpgradeCheck = 1000;
				ORGANIZATIONNAME = Auxenta;
				TargetAttributes = {
					2A0DBC5C21AD66CC0081A050 = {
						CreatedOnToolsVersion = 10.0;
					};
					2A0DBC7021AD66CD0081A050 = {
						CreatedOnToolsVersion = 10.0;
						TestTargetID = 2A0DBC5C21AD66CC0081A050;
					};
					2A0DBC7B21AD66CD0081A050 = {
						CreatedOnToolsVersion = 10.0;
						TestTargetID = 2A0DBC5C21AD66CC0081A050;
					};
				};
			};
			buildConfigurationList = 2A0DBC5821AD66CC0081A050 /* Build configuration list for PBXProject "EvernoteTask" */;
			compatibilityVersion = "Xcode 9.3";
			developmentRegion = en;
			hasScannedForEncodings = 0;
			knownRegions = (
				en,
				Base,
			);
			mainGroup = 2A0DBC5421AD66CC0081A050;
			productRefGroup = 2A0DBC5E21AD66CC0081A050 /* Products */;
			projectDirPath = "";
			projectRoot = "";
			targets = (
				2A0DBC5C21AD66CC0081A050 /* EvernoteTask */,
				2A0DBC7021AD66CD0081A050 /* EvernoteTaskTests */,
				2A0DBC7B21AD66CD0081A050 /* EvernoteTaskUITests */,
			);
		};
/* End PBXProject section */

/* Begin PBXResourcesBuildPhase section */
		2A0DBC5B21AD66CC0081A050 /* Resources */ = {
			isa = PBXResourcesBuildPhase;
			buildActionMask = 2147483647;
			files = (
				2A0DBC6B21AD66CD0081A050 /* LaunchScreen.storyboard in Resources */,
				2A0DBC6821AD66CD0081A050 /* Assets.xcassets in Resources */,
				2A0DBC6621AD66CC0081A050 /* Main.storyboard in Resources */,
			);
			runOnlyForDeploymentPostprocessing = 0;
		};
		2A0DBC6F21AD66CD0081A050 /* Resources */ = {
			isa = PBXResourcesBuildPhase;
			buildActionMask = 2147483647;
			files = (
			);
			runOnlyForDeploymentPostprocessing = 0;
		};
		2A0DBC7A21AD66CD0081A050 /* Resources */ = {
			isa = PBXResourcesBuildPhase;
			buildActionMask = 2147483647;
			files = (
			);
			runOnlyForDeploymentPostprocessing = 0;
		};
/* End PBXResourcesBuildPhase section */

/* Begin PBXShellScriptBuildPhase section */
		9069ABE691726761DF71D35D /* [CP] Check Pods Manifest.lock */ = {
			isa = PBXShellScriptBuildPhase;
			buildActionMask = 2147483647;
			files = (
			);
			inputFileListPaths = (
			);
			inputPaths = (
				"${PODS_PODFILE_DIR_PATH}/Podfile.lock",
				"${PODS_ROOT}/Manifest.lock",
			);
			name = "[CP] Check Pods Manifest.lock";
			outputFileListPaths = (
			);
			outputPaths = (
				"$(DERIVED_FILE_DIR)/Pods-EvernoteTask-checkManifestLockResult.txt",
			);
			runOnlyForDeploymentPostprocessing = 0;
			shellPath = /bin/sh;
			shellScript = "diff \"${PODS_PODFILE_DIR_PATH}/Podfile.lock\" \"${PODS_ROOT}/Manifest.lock\" > /dev/null\nif [ $? != 0 ] ; then\n    # print error to STDERR\n    echo \"error: The sandbox is not in sync with the Podfile.lock. Run 'pod install' or update your CocoaPods installation.\" >&2\n    exit 1\nfi\n# This output is used by Xcode 'outputs' to avoid re-running this script phase.\necho \"SUCCESS\" > \"${SCRIPT_OUTPUT_FILE_0}\"\n";
			showEnvVarsInLog = 0;
		};
		D78FBB359169A8A8B67C0DE3 /* [CP] Embed Pods Frameworks */ = {
			isa = PBXShellScriptBuildPhase;
			buildActionMask = 2147483647;
			files = (
			);
			inputFileListPaths = (
			);
			inputPaths = (
				"${SRCROOT}/Pods/Target Support Files/Pods-EvernoteTask/Pods-EvernoteTask-frameworks.sh",
				"${BUILT_PRODUCTS_DIR}/Bolts/Bolts.framework",
				"${BUILT_PRODUCTS_DIR}/FBSDKCoreKit/FBSDKCoreKit.framework",
				"${BUILT_PRODUCTS_DIR}/FBSDKLoginKit/FBSDKLoginKit.framework",
				"${BUILT_PRODUCTS_DIR}/FBSDKShareKit/FBSDKShareKit.framework",
			);
			name = "[CP] Embed Pods Frameworks";
			outputFileListPaths = (
			);
			outputPaths = (
				"${TARGET_BUILD_DIR}/${FRAMEWORKS_FOLDER_PATH}/Bolts.framework",
				"${TARGET_BUILD_DIR}/${FRAMEWORKS_FOLDER_PATH}/FBSDKCoreKit.framework",
				"${TARGET_BUILD_DIR}/${FRAMEWORKS_FOLDER_PATH}/FBSDKLoginKit.framework",
				"${TARGET_BUILD_DIR}/${FRAMEWORKS_FOLDER_PATH}/FBSDKShareKit.framework",
			);
			runOnlyForDeploymentPostprocessing = 0;
			shellPath = /bin/sh;
			shellScript = "\"${SRCROOT}/Pods/Target Support Files/Pods-EvernoteTask/Pods-EvernoteTask-frameworks.sh\"\n";
			showEnvVarsInLog = 0;
		};
/* End PBXShellScriptBuildPhase section */

/* Begin PBXSourcesBuildPhase section */
		2A0DBC5921AD66CC0081A050 /* Sources */ = {
			isa = PBXSourcesBuildPhase;
			buildActionMask = 2147483647;
			files = (
				2A79158E21ADA7E5008C479E /* HotelData.swift in Sources */,
				2A79158121AD6A19008C479E /* Utils.swift in Sources */,
				2A79158921AD95B8008C479E /* FaceebookSignIn.swift in Sources */,
				2A79159221AE7FFA008C479E /* DetailsViewController.swift in Sources */,
				2A0DBC6121AD66CC0081A050 /* AppDelegate.swift in Sources */,
				2A0DBC9321AD67640081A050 /* SignInViewController.swift in Sources */,
				2A79159421AE9276008C479E /* MapViewController.swift in Sources */,
				2A79157F21AD6A0D008C479E /* NetworkCalls.swift in Sources */,
				2A79158B21AD9CBD008C479E /* HotelDataViewController.swift in Sources */,
				2A79157D21AD69FC008C479E /* Config.swift in Sources */,
				2A79158321AD6A28008C479E /* Constants.swift in Sources */,
			);
			runOnlyForDeploymentPostprocessing = 0;
		};
		2A0DBC6D21AD66CD0081A050 /* Sources */ = {
			isa = PBXSourcesBuildPhase;
			buildActionMask = 2147483647;
			files = (
				2A0DBC7621AD66CD0081A050 /* EvernoteTaskTests.swift in Sources */,
			);
			runOnlyForDeploymentPostprocessing = 0;
		};
		2A0DBC7821AD66CD0081A050 /* Sources */ = {
			isa = PBXSourcesBuildPhase;
			buildActionMask = 2147483647;
			files = (
				2A0DBC8121AD66CD0081A050 /* EvernoteTaskUITests.swift in Sources */,
			);
			runOnlyForDeploymentPostprocessing = 0;
		};
/* End PBXSourcesBuildPhase section */

/* Begin PBXTargetDependency section */
		2A0DBC7321AD66CD0081A050 /* PBXTargetDependency */ = {
			isa = PBXTargetDependency;
			target = 2A0DBC5C21AD66CC0081A050 /* EvernoteTask */;
			targetProxy = 2A0DBC7221AD66CD0081A050 /* PBXContainerItemProxy */;
		};
		2A0DBC7E21AD66CD0081A050 /* PBXTargetDependency */ = {
			isa = PBXTargetDependency;
			target = 2A0DBC5C21AD66CC0081A050 /* EvernoteTask */;
			targetProxy = 2A0DBC7D21AD66CD0081A050 /* PBXContainerItemProxy */;
		};
/* End PBXTargetDependency section */

/* Begin PBXVariantGroup section */
		2A0DBC6421AD66CC0081A050 /* Main.storyboard */ = {
			isa = PBXVariantGroup;
			children = (
				2A0DBC6521AD66CC0081A050 /* Base */,
			);
			name = Main.storyboard;
			sourceTree = "<group>";
		};
		2A0DBC6921AD66CD0081A050 /* LaunchScreen.storyboard */ = {
			isa = PBXVariantGroup;
			children = (
				2A0DBC6A21AD66CD0081A050 /* Base */,
			);
			name = LaunchScreen.storyboard;
			sourceTree = "<group>";
		};
/* End PBXVariantGroup section */

/* Begin XCBuildConfiguration section */
		2A0DBC8321AD66CD0081A050 /* Debug */ = {
			isa = XCBuildConfiguration;
			buildSettings = {
				ALWAYS_SEARCH_USER_PATHS = NO;
				CLANG_ANALYZER_NONNULL = YES;
				CLANG_ANALYZER_NUMBER_OBJECT_CONVERSION = YES_AGGRESSIVE;
				CLANG_CXX_LANGUAGE_STANDARD = "gnu++14";
				CLANG_CXX_LIBRARY = "libc++";
				CLANG_ENABLE_MODULES = YES;
				CLANG_ENABLE_OBJC_ARC = YES;
				CLANG_ENABLE_OBJC_WEAK = YES;
				CLANG_WARN_BLOCK_CAPTURE_AUTORELEASING = YES;
				CLANG_WARN_BOOL_CONVERSION = YES;
				CLANG_WARN_COMMA = YES;
				CLANG_WARN_CONSTANT_CONVERSION = YES;
				CLANG_WARN_DEPRECATED_OBJC_IMPLEMENTATIONS = YES;
				CLANG_WARN_DIRECT_OBJC_ISA_USAGE = YES_ERROR;
				CLANG_WARN_DOCUMENTATION_COMMENTS = YES;
				CLANG_WARN_EMPTY_BODY = YES;
				CLANG_WARN_ENUM_CONVERSION = YES;
				CLANG_WARN_INFINITE_RECURSION = YES;
				CLANG_WARN_INT_CONVERSION = YES;
				CLANG_WARN_NON_LITERAL_NULL_CONVERSION = YES;
				CLANG_WARN_OBJC_IMPLICIT_RETAIN_SELF = YES;
				CLANG_WARN_OBJC_LITERAL_CONVERSION = YES;
				CLANG_WARN_OBJC_ROOT_CLASS = YES_ERROR;
				CLANG_WARN_RANGE_LOOP_ANALYSIS = YES;
				CLANG_WARN_STRICT_PROTOTYPES = YES;
				CLANG_WARN_SUSPICIOUS_MOVE = YES;
				CLANG_WARN_UNGUARDED_AVAILABILITY = YES_AGGRESSIVE;
				CLANG_WARN_UNREACHABLE_CODE = YES;
				CLANG_WARN__DUPLICATE_METHOD_MATCH = YES;
				CODE_SIGN_IDENTITY = "iPhone Developer";
				COPY_PHASE_STRIP = NO;
				DEBUG_INFORMATION_FORMAT = dwarf;
				ENABLE_STRICT_OBJC_MSGSEND = YES;
				ENABLE_TESTABILITY = YES;
				GCC_C_LANGUAGE_STANDARD = gnu11;
				GCC_DYNAMIC_NO_PIC = NO;
				GCC_NO_COMMON_BLOCKS = YES;
				GCC_OPTIMIZATION_LEVEL = 0;
				GCC_PREPROCESSOR_DEFINITIONS = (
					"DEBUG=1",
					"$(inherited)",
				);
				GCC_WARN_64_TO_32_BIT_CONVERSION = YES;
				GCC_WARN_ABOUT_RETURN_TYPE = YES_ERROR;
				GCC_WARN_UNDECLARED_SELECTOR = YES;
				GCC_WARN_UNINITIALIZED_AUTOS = YES_AGGRESSIVE;
				GCC_WARN_UNUSED_FUNCTION = YES;
				GCC_WARN_UNUSED_VARIABLE = YES;
				IPHONEOS_DEPLOYMENT_TARGET = 12.0;
				MTL_ENABLE_DEBUG_INFO = INCLUDE_SOURCE;
				MTL_FAST_MATH = YES;
				ONLY_ACTIVE_ARCH = YES;
				SDKROOT = iphoneos;
				SWIFT_ACTIVE_COMPILATION_CONDITIONS = DEBUG;
				SWIFT_OPTIMIZATION_LEVEL = "-Onone";
			};
			name = Debug;
		};
		2A0DBC8421AD66CD0081A050 /* Release */ = {
			isa = XCBuildConfiguration;
			buildSettings = {
				ALWAYS_SEARCH_USER_PATHS = NO;
				CLANG_ANALYZER_NONNULL = YES;
				CLANG_ANALYZER_NUMBER_OBJECT_CONVERSION = YES_AGGRESSIVE;
				CLANG_CXX_LANGUAGE_STANDARD = "gnu++14";
				CLANG_CXX_LIBRARY = "libc++";
				CLANG_ENABLE_MODULES = YES;
				CLANG_ENABLE_OBJC_ARC = YES;
				CLANG_ENABLE_OBJC_WEAK = YES;
				CLANG_WARN_BLOCK_CAPTURE_AUTORELEASING = YES;
				CLANG_WARN_BOOL_CONVERSION = YES;
				CLANG_WARN_COMMA = YES;
				CLANG_WARN_CONSTANT_CONVERSION = YES;
				CLANG_WARN_DEPRECATED_OBJC_IMPLEMENTATIONS = YES;
				CLANG_WARN_DIRECT_OBJC_ISA_USAGE = YES_ERROR;
				CLANG_WARN_DOCUMENTATION_COMMENTS = YES;
				CLANG_WARN_EMPTY_BODY = YES;
				CLANG_WARN_ENUM_CONVERSION = YES;
				CLANG_WARN_INFINITE_RECURSION = YES;
				CLANG_WARN_INT_CONVERSION = YES;
				CLANG_WARN_NON_LITERAL_NULL_CONVERSION = YES;
				CLANG_WARN_OBJC_IMPLICIT_RETAIN_SELF = YES;
				CLANG_WARN_OBJC_LITERAL_CONVERSION = YES;
				CLANG_WARN_OBJC_ROOT_CLASS = YES_ERROR;
				CLANG_WARN_RANGE_LOOP_ANALYSIS = YES;
				CLANG_WARN_STRICT_PROTOTYPES = YES;
				CLANG_WARN_SUSPICIOUS_MOVE = YES;
				CLANG_WARN_UNGUARDED_AVAILABILITY = YES_AGGRESSIVE;
				CLANG_WARN_UNREACHABLE_CODE = YES;
				CLANG_WARN__DUPLICATE_METHOD_MATCH = YES;
				CODE_SIGN_IDENTITY = "iPhone Developer";
				COPY_PHASE_STRIP = NO;
				DEBUG_INFORMATION_FORMAT = "dwarf-with-dsym";
				ENABLE_NS_ASSERTIONS = NO;
				ENABLE_STRICT_OBJC_MSGSEND = YES;
				GCC_C_LANGUAGE_STANDARD = gnu11;
				GCC_NO_COMMON_BLOCKS = YES;
				GCC_WARN_64_TO_32_BIT_CONVERSION = YES;
				GCC_WARN_ABOUT_RETURN_TYPE = YES_ERROR;
				GCC_WARN_UNDECLARED_SELECTOR = YES;
				GCC_WARN_UNINITIALIZED_AUTOS = YES_AGGRESSIVE;
				GCC_WARN_UNUSED_FUNCTION = YES;
				GCC_WARN_UNUSED_VARIABLE = YES;
				IPHONEOS_DEPLOYMENT_TARGET = 12.0;
				MTL_ENABLE_DEBUG_INFO = NO;
				MTL_FAST_MATH = YES;
				SDKROOT = iphoneos;
				SWIFT_COMPILATION_MODE = wholemodule;
				SWIFT_OPTIMIZATION_LEVEL = "-O";
				VALIDATE_PRODUCT = YES;
			};
			name = Release;
		};
		2A0DBC8621AD66CD0081A050 /* Debug */ = {
			isa = XCBuildConfiguration;
			baseConfigurationReference = 24A62129F3A4094B377B7F8D /* Pods-EvernoteTask.debug.xcconfig */;
			buildSettings = {
				ASSETCATALOG_COMPILER_APPICON_NAME = AppIcon;
				CODE_SIGN_STYLE = Automatic;
				DEVELOPMENT_TEAM = PAKWVRXE68;
				INFOPLIST_FILE = EvernoteTask/Info.plist;
				IPHONEOS_DEPLOYMENT_TARGET = 9.0;
				LD_RUNPATH_SEARCH_PATHS = (
					"$(inherited)",
					"@executable_path/Frameworks",
				);
				PRODUCT_BUNDLE_IDENTIFIER = come.Auxenta.EvernoteTask;
				PRODUCT_NAME = "$(TARGET_NAME)";
				SWIFT_VERSION = 4.2;
				TARGETED_DEVICE_FAMILY = "1,2";
			};
			name = Debug;
		};
		2A0DBC8721AD66CD0081A050 /* Release */ = {
			isa = XCBuildConfiguration;
			baseConfigurationReference = B87CEAC719AA0B765F533491 /* Pods-EvernoteTask.release.xcconfig */;
			buildSettings = {
				ASSETCATALOG_COMPILER_APPICON_NAME = AppIcon;
				CODE_SIGN_STYLE = Automatic;
				DEVELOPMENT_TEAM = PAKWVRXE68;
				INFOPLIST_FILE = EvernoteTask/Info.plist;
				IPHONEOS_DEPLOYMENT_TARGET = 9.0;
				LD_RUNPATH_SEARCH_PATHS = (
					"$(inherited)",
					"@executable_path/Frameworks",
				);
				PRODUCT_BUNDLE_IDENTIFIER = come.Auxenta.EvernoteTask;
				PRODUCT_NAME = "$(TARGET_NAME)";
				SWIFT_VERSION = 4.2;
				TARGETED_DEVICE_FAMILY = "1,2";
			};
			name = Release;
		};
		2A0DBC8921AD66CD0081A050 /* Debug */ = {
			isa = XCBuildConfiguration;
			buildSettings = {
				ALWAYS_EMBED_SWIFT_STANDARD_LIBRARIES = YES;
				BUNDLE_LOADER = "$(TEST_HOST)";
				CODE_SIGN_STYLE = Automatic;
				DEVELOPMENT_TEAM = PAKWVRXE68;
				INFOPLIST_FILE = EvernoteTaskTests/Info.plist;
				LD_RUNPATH_SEARCH_PATHS = (
					"$(inherited)",
					"@executable_path/Frameworks",
					"@loader_path/Frameworks",
				);
				PRODUCT_BUNDLE_IDENTIFIER = come.Auxenta.EvernoteTaskTests;
				PRODUCT_NAME = "$(TARGET_NAME)";
				SWIFT_VERSION = 4.2;
				TARGETED_DEVICE_FAMILY = "1,2";
				TEST_HOST = "$(BUILT_PRODUCTS_DIR)/EvernoteTask.app/EvernoteTask";
			};
			name = Debug;
		};
		2A0DBC8A21AD66CD0081A050 /* Release */ = {
			isa = XCBuildConfiguration;
			buildSettings = {
				ALWAYS_EMBED_SWIFT_STANDARD_LIBRARIES = YES;
				BUNDLE_LOADER = "$(TEST_HOST)";
				CODE_SIGN_STYLE = Automatic;
				DEVELOPMENT_TEAM = PAKWVRXE68;
				INFOPLIST_FILE = EvernoteTaskTests/Info.plist;
				LD_RUNPATH_SEARCH_PATHS = (
					"$(inherited)",
					"@executable_path/Frameworks",
					"@loader_path/Frameworks",
				);
				PRODUCT_BUNDLE_IDENTIFIER = come.Auxenta.EvernoteTaskTests;
				PRODUCT_NAME = "$(TARGET_NAME)";
				SWIFT_VERSION = 4.2;
				TARGETED_DEVICE_FAMILY = "1,2";
				TEST_HOST = "$(BUILT_PRODUCTS_DIR)/EvernoteTask.app/EvernoteTask";
			};
			name = Release;
		};
		2A0DBC8C21AD66CD0081A050 /* Debug */ = {
			isa = XCBuildConfiguration;
			buildSettings = {
				ALWAYS_EMBED_SWIFT_STANDARD_LIBRARIES = YES;
				CODE_SIGN_STYLE = Automatic;
				DEVELOPMENT_TEAM = PAKWVRXE68;
				INFOPLIST_FILE = EvernoteTaskUITests/Info.plist;
				LD_RUNPATH_SEARCH_PATHS = (
					"$(inherited)",
					"@executable_path/Frameworks",
					"@loader_path/Frameworks",
				);
				PRODUCT_BUNDLE_IDENTIFIER = come.Auxenta.EvernoteTaskUITests;
				PRODUCT_NAME = "$(TARGET_NAME)";
				SWIFT_VERSION = 4.2;
				TARGETED_DEVICE_FAMILY = "1,2";
				TEST_TARGET_NAME = EvernoteTask;
			};
			name = Debug;
		};
		2A0DBC8D21AD66CD0081A050 /* Release */ = {
			isa = XCBuildConfiguration;
			buildSettings = {
				ALWAYS_EMBED_SWIFT_STANDARD_LIBRARIES = YES;
				CODE_SIGN_STYLE = Automatic;
				DEVELOPMENT_TEAM = PAKWVRXE68;
				INFOPLIST_FILE = EvernoteTaskUITests/Info.plist;
				LD_RUNPATH_SEARCH_PATHS = (
					"$(inherited)",
					"@executable_path/Frameworks",
					"@loader_path/Frameworks",
				);
				PRODUCT_BUNDLE_IDENTIFIER = come.Auxenta.EvernoteTaskUITests;
				PRODUCT_NAME = "$(TARGET_NAME)";
				SWIFT_VERSION = 4.2;
				TARGETED_DEVICE_FAMILY = "1,2";
				TEST_TARGET_NAME = EvernoteTask;
			};
			name = Release;
		};
/* End XCBuildConfiguration section */

/* Begin XCConfigurationList section */
		2A0DBC5821AD66CC0081A050 /* Build configuration list for PBXProject "EvernoteTask" */ = {
			isa = XCConfigurationList;
			buildConfigurations = (
				2A0DBC8321AD66CD0081A050 /* Debug */,
				2A0DBC8421AD66CD0081A050 /* Release */,
			);
			defaultConfigurationIsVisible = 0;
			defaultConfigurationName = Release;
		};
		2A0DBC8521AD66CD0081A050 /* Build configuration list for PBXNativeTarget "EvernoteTask" */ = {
			isa = XCConfigurationList;
			buildConfigurations = (
				2A0DBC8621AD66CD0081A050 /* Debug */,
				2A0DBC8721AD66CD0081A050 /* Release */,
			);
			defaultConfigurationIsVisible = 0;
			defaultConfigurationName = Release;
		};
		2A0DBC8821AD66CD0081A050 /* Build configuration list for PBXNativeTarget "EvernoteTaskTests" */ = {
			isa = XCConfigurationList;
			buildConfigurations = (
				2A0DBC8921AD66CD0081A050 /* Debug */,
				2A0DBC8A21AD66CD0081A050 /* Release */,
			);
			defaultConfigurationIsVisible = 0;
			defaultConfigurationName = Release;
		};
		2A0DBC8B21AD66CD0081A050 /* Build configuration list for PBXNativeTarget "EvernoteTaskUITests" */ = {
			isa = XCConfigurationList;
			buildConfigurations = (
				2A0DBC8C21AD66CD0081A050 /* Debug */,
				2A0DBC8D21AD66CD0081A050 /* Release */,
			);
			defaultConfigurationIsVisible = 0;
			defaultConfigurationName = Release;
		};
/* End XCConfigurationList section */
	};
	rootObject = 2A0DBC5521AD66CC0081A050 /* Project object */;
}
